{
  "version": "4",
  "remote": {
    "https://deno.land/std@0.140.0/async/abortable.ts": "87aa7230be8360c24ad437212311c9e8d4328854baec27b4c7abb26e85515c06",
    "https://deno.land/std@0.140.0/async/deadline.ts": "48ac998d7564969f3e6ec6b6f9bf0217ebd00239b1b2292feba61272d5dd58d0",
    "https://deno.land/std@0.140.0/async/debounce.ts": "564273ef242bcfcda19a439132f940db8694173abffc159ea34f07d18fc42620",
    "https://deno.land/std@0.140.0/async/deferred.ts": "bc18e28108252c9f67dfca2bbc4587c3cbf3aeb6e155f8c864ca8ecff992b98a",
    "https://deno.land/std@0.140.0/async/delay.ts": "cbbdf1c87d1aed8edc7bae13592fb3e27e3106e0748f089c263390d4f49e5f6c",
    "https://deno.land/std@0.140.0/async/mod.ts": "6e42e275b44367361a81842dd1a789c55ab206d7c8a877d7163ab5c460625be6",
    "https://deno.land/std@0.140.0/async/mux_async_iterator.ts": "f4d1d259b0c694d381770ddaaa4b799a94843eba80c17f4a2ec2949168e52d1e",
    "https://deno.land/std@0.140.0/async/pool.ts": "97b0dd27c69544e374df857a40902e74e39532f226005543eabacb551e277082",
    "https://deno.land/std@0.140.0/async/tee.ts": "1341feb1f5b1a96f8628d0f8fc07d8c43d3813423f18a63bf1b4785568d21b1f",
    "https://deno.land/std@0.140.0/http/server.ts": "3da75405704bebcf212a55966a68a489f7e094ba52b5d38f181fe0ef8461a55d",
    "https://esm.sh/groq-sdk@0.15.0": "16324d7532703f06e60948e80f5ac68dd21fd3c1bbf8712363d1eb2e114923f5",
    "https://esm.sh/groq-sdk@0.15.0/denonext/_shims/MultipartBody.mjs": "e86fa0ca33ff55f70340983c8978305ad53900e770a4cee3d4957f865d18afad",
    "https://esm.sh/groq-sdk@0.15.0/denonext/_shims/auto/runtime.mjs": "5485c56aa1277d86b2735c62d91622df549e3cca91eaf1ae8fdb9b5462f3b5bb",
    "https://esm.sh/groq-sdk@0.15.0/denonext/_shims/index.mjs": "2d492a996475dcf74c230dbe7756641d80758274fe9d43b35bc30ac854af1119",
    "https://esm.sh/groq-sdk@0.15.0/denonext/_shims/registry.mjs": "28ed7d4bdc764285a2324a70cce451a00c788336939a90f2627a262fb9424d3e",
    "https://esm.sh/groq-sdk@0.15.0/denonext/_shims/web-runtime.mjs": "41dfc58ede0a9ed8eac411fc925cf2ed278a611f475d6b3489f8817ef985c36a",
    "https://esm.sh/groq-sdk@0.15.0/denonext/core.mjs": "5371ed61ec6d96947d7740c16e11dfaa994e4bdfcb1b56c082f3ce42c2e55e89",
    "https://esm.sh/groq-sdk@0.15.0/denonext/error.mjs": "a1076dfaa7fe9e07645460b2a4010f9b131bfe59254a2ef4ab3fc4df1c5ed104",
    "https://esm.sh/groq-sdk@0.15.0/denonext/groq-sdk.mjs": "c68bf352b67d772922ef2043cdd4299a942f515bd3cc6e5366f634ec0418366f",
    "https://esm.sh/groq-sdk@0.15.0/denonext/lib/streaming.mjs": "28b085d23ac9126c4aa2e673f3d018ff026d66891b3520f893b323fd6db7a472",
    "https://esm.sh/groq-sdk@0.15.0/denonext/resource.mjs": "d7c75d306d590c4012380981c0ba9b25886be9411cbf93a355014fb0bdeb74b8",
    "https://esm.sh/groq-sdk@0.15.0/denonext/resources/audio/audio.mjs": "95da1af3d3e5810e197eb159eff1ff2d6194c6fc31c03d1b1b7a0a4411a34155",
    "https://esm.sh/groq-sdk@0.15.0/denonext/resources/audio/transcriptions.mjs": "2245854c1d569ed6f1063594ea6987abff22bbbd43184b00718e006c074e2af1",
    "https://esm.sh/groq-sdk@0.15.0/denonext/resources/audio/translations.mjs": "82e378b9bdeb62c24019bd9169ef2c322ee593ac29fd87a00fc12c8e5c767a43",
    "https://esm.sh/groq-sdk@0.15.0/denonext/resources/batches.mjs": "51554eb43c39a0d46ab5b4101266ed72df7efed5376850e1df69e6b45dcfd2a0",
    "https://esm.sh/groq-sdk@0.15.0/denonext/resources/chat/chat.mjs": "38f928de57ab9398ca23b9c6f2c8d9cf38adb06a75c94ee7e3952eb6cf7fdc36",
    "https://esm.sh/groq-sdk@0.15.0/denonext/resources/chat/completions.mjs": "51162b8db5794403e875d430e21be8c4cb84cc9b95c34eeb348ebb4f3cb36c0b",
    "https://esm.sh/groq-sdk@0.15.0/denonext/resources/completions.mjs": "d8ebeafe266c9373285051668a92bb36d63558948f12356df067d1a27af977c5",
    "https://esm.sh/groq-sdk@0.15.0/denonext/resources/embeddings.mjs": "6cce804a3f366cac43b6dfd4cb056b4e0e2d72bd38a55ce0a4e51601aa0d7ee0",
    "https://esm.sh/groq-sdk@0.15.0/denonext/resources/files.mjs": "4f1bd8f8ed8584cdf9e35dba54fd532195b3401e9ca409feeff8bc46542fa544",
    "https://esm.sh/groq-sdk@0.15.0/denonext/resources/index.mjs": "aac224d39d9bcc2c2f59eeb792b9ee43faf4784780f97b0e0dad3e078d28d3d9",
    "https://esm.sh/groq-sdk@0.15.0/denonext/resources/models.mjs": "04e5c2561cb20e2b477b14286a75c1705cda1bb5c1e9dfb74340b53946856fbf",
    "https://esm.sh/groq-sdk@0.15.0/denonext/resources/shared.mjs": "c7228d737be8ebf005507de14cd9e716bbba4125fd9a71f2fd2dc951a570ef88",
    "https://esm.sh/groq-sdk@0.15.0/denonext/uploads.mjs": "7e0d895b9a970e2ee72945b7bac39e05a103a735985395b7c33a54b2c2ffe8c2",
    "https://esm.sh/groq-sdk@0.15.0/denonext/version.mjs": "34cd0cf583fbe1417cc7f83ae22c257e4e5ebe42bc5aa8fdb79a0e1447b6e69d"
  },
  "workspace": {
    "packageJson": {
      "dependencies": [
        "npm:@eslint/js@^9.9.1",
        "npm:@hookform/resolvers@^3.3.4",
        "npm:@supabase/supabase-js@^2.39.7",
        "npm:@types/papaparse@^5.3.14",
        "npm:@types/react-copy-to-clipboard@^5.0.7",
        "npm:@types/react-dom@^18.3.0",
        "npm:@types/react@^18.3.5",
        "npm:@types/uuid@^9.0.8",
        "npm:@vitejs/plugin-react@^4.3.1",
        "npm:autoprefixer@^10.4.18",
        "npm:clsx@^2.1.0",
        "npm:date-fns@^3.3.1",
        "npm:eslint-plugin-react-hooks@^5.1.0-rc.0",
        "npm:eslint-plugin-react-refresh@~0.4.11",
        "npm:eslint@^9.9.1",
        "npm:globals@^15.9.0",
        "npm:lucide-react@0.344",
        "npm:papaparse@^5.4.1",
        "npm:postcss@^8.4.35",
        "npm:react-copy-to-clipboard@^5.1.0",
        "npm:react-dom@^18.3.1",
        "npm:react-dropzone@^14.2.3",
        "npm:react-hook-form@^7.51.0",
        "npm:react-router-dom@^6.22.3",
        "npm:react@^18.3.1",
        "npm:tailwindcss@^3.4.1",
        "npm:tesseract.js@^5.0.5",
        "npm:typescript-eslint@^8.3.0",
        "npm:typescript@^5.5.3",
        "npm:uuid@^9.0.1",
        "npm:vite@^6.2.0",
        "npm:zod@^3.22.4"
      ]
    }
  }
}
